
Microsoft Visual Studio Solution File, Format Version 11.00
# Visual Studio 2010
Project("{FAE04EC0-301F-11D3-BF4B-00C04F79EFBC}") = "GlassProgressBar", "GlassProgressBar\GlassProgressBar.csproj", "{B89D7882-FB37-468F-89DC-ED3652D01B1B}"
EndProject
Project("{FAE04EC0-301F-11D3-BF4B-00C04F79EFBC}") = "GlassProgressTest", "GlassProgressTest\GlassProgressTest.csproj", "{29A462DB-26B0-4ADE-A95B-E2B224F9E811}"
EndProject
Global
	GlobalSection(SolutionConfigurationPlatforms) = preSolution
		Debug|Any CPU = Debug|Any CPU
		Release|Any CPU = Release|Any CPU
	EndGlobalSection
	GlobalSection(ProjectConfigurationPlatforms) = postSolution
		{29A462DB-26B0-4ADE-A95B-E2B224F9E811}.Debug|Any CPU.ActiveCfg = Debug|Any CPU
		{29A462DB-26B0-4ADE-A95B-E2B224F9E811}.Debug|Any CPU.Build.0 = Debug|Any CPU
		{29A462DB-26B0-4ADE-A95B-E2B224F9E811}.Release|Any CPU.ActiveCfg = Release|Any CPU
		{29A462DB-26B0-4ADE-A95B-E2B224F9E811}.Release|Any CPU.Build.0 = Release|Any CPU
		{B89D7882-FB37-468F-89DC-ED3652D01B1B}.Debug|Any CPU.ActiveCfg = Debug|Any CPU
		{B89D7882-FB37-468F-89DC-ED3652D01B1B}.Debug|Any CPU.Build.0 = Debug|Any CPU
		{B89D7882-FB37-468F-89DC-ED3652D01B1B}.Release|Any CPU.ActiveCfg = Release|Any CPU
		{B89D7882-FB37-468F-89DC-ED3652D01B1B}.Release|Any CPU.Build.0 = Release|Any CPU
	EndGlobalSection
	GlobalSection(MonoDevelopProperties) = preSolution
		StartupItem = GlassProgressTest\GlassProgressTest.csproj
	EndGlobalSection
EndGlobal
